
Microsoft Visual Studio Solution File, Format Version 12.00
# Visual Studio Version 16
VisualStudioVersion = 16.0.29102.190
MinimumVisualStudioVersion = 10.0.40219.1
Project("{9A19103F-16F7-4668-BE54-9A1E7A4F7556}") = "MAT.SQLRace.HelloData", "MAT.SQLRace.HelloData\MAT.SQLRace.HelloData.csproj", "{FB3E8850-40AF-443E-82C1-183C1C76D460}"
EndProject
Project("{9A19103F-16F7-4668-BE54-9A1E7A4F7556}") = "MESL.SqlRace.Examples.Sessions.CSharp", "MESL.SqlRace.Examples.Sessions.CSharp\MESL.SqlRace.Examples.Sessions.CSharp.csproj", "{1ECFBECA-FA58-414F-8F13-6F94747ED086}"
EndProject
Project("{930C7802-8A8C-48F9-8165-68863BCCD9DD}") = "MESL.SqlRace.Examples.Installer", "MESL.SqlRace.Installer.WIX\MESL.SqlRace.Examples.Installer.wixproj", "{9327FD99-9F1A-4059-86E4-7EA68B6315CA}"
EndProject
Project("{9A19103F-16F7-4668-BE54-9A1E7A4F7556}") = "MAT.SqlRace.StandaloneRecorder", "MAT.SqlRace.StandaloneRecorder\MAT.SqlRace.StandaloneRecorder.csproj", "{CED8F031-F058-451E-8B4A-A773D806FC79}"
EndProject
Project("{2150E333-8FDC-42A3-9474-1A3956D46DE8}") = "Solution Items", "Solution Items", "{F7758EB4-AD23-4B60-994E-6832A3230138}"
	ProjectSection(SolutionItems) = preProject
		readme.md = readme.md
	EndProjectSection
EndProject
Project("{9A19103F-16F7-4668-BE54-9A1E7A4F7556}") = "MAT.SqlRace.Functions.HelloDotNet", "MAT.SqlRace.Functions.HelloDotNet\MAT.SqlRace.Functions.HelloDotNet.csproj", "{4CBB924C-6346-4C08-B1C8-AB5EA2900348}"
EndProject
Project("{9A19103F-16F7-4668-BE54-9A1E7A4F7556}") = "MAT.SQLRace.FileLoaderSample", "MAT.SQLRace.FileLoaderSample\MAT.SQLRace.FileLoaderSample.csproj", "{5FF97A82-A86D-4C72-AC2A-65F91AE370D0}"
EndProject
Project("{9A19103F-16F7-4668-BE54-9A1E7A4F7556}") = "MAT.SQLRace.CreateSessionWithMultipleParameters", "MAT.SQLRace.CreateSessionWithMultipleParameters\MAT.SQLRace.CreateSessionWithMultipleParameters.csproj", "{87B98171-87C4-4BF4-AEB9-EB4B7927A66E}"
EndProject
Project("{9A19103F-16F7-4668-BE54-9A1E7A4F7556}") = "MAT.SQLRace.BaseExampleLoadSSN", "MAT.SQLRace.BaseExampleLoadSSN\MAT.SQLRace.BaseExampleLoadSSN.csproj", "{31E31856-1ACA-4034-9204-36789E6DDF2D}"
EndProject
Project("{2150E333-8FDC-42A3-9474-1A3956D46DE8}") = "Actions", "Actions", "{41650D89-FF13-4859-A107-42236E969BE1}"
	ProjectSection(SolutionItems) = preProject
		.github\workflows\Check-References.ps1 = .github\workflows\Check-References.ps1
		.github\workflows\Get-Package-Version.ps1 = .github\workflows\Get-Package-Version.ps1
		.github\workflows\pr.yml = .github\workflows\pr.yml
	EndProjectSection
EndProject
Project("{9A19103F-16F7-4668-BE54-9A1E7A4F7556}") = "MAT.SQLRace.HelloCreateSSN2FromZeroWithParameters", "MAT.SQLRace.HelloCreateSSN2FromZeroWithParameters\MAT.SQLRace.HelloCreateSSN2FromZeroWithParameters.csproj", "{77769120-AD6B-47C8-AB4D-11CBFF71952E}"
EndProject
Project("{9A19103F-16F7-4668-BE54-9A1E7A4F7556}") = "MAT.SQLRace.LoadSessionFromDatabaseAndReadParameters", "MAT.SQLRace.LoadSessionFromDatabaseAndReadParameters\MAT.SQLRace.LoadSessionFromDatabaseAndReadParameters.csproj", "{FF2BE15F-8E2A-4247-B25D-0FFE2FEFFF20}"
EndProject
Global
	GlobalSection(SolutionConfigurationPlatforms) = preSolution
		Debug|Any CPU = Debug|Any CPU
		Debug|x64 = Debug|x64
		Debug|x86 = Debug|x86
		Release|Any CPU = Release|Any CPU
		Release|x64 = Release|x64
		Release|x86 = Release|x86
	EndGlobalSection
	GlobalSection(ProjectConfigurationPlatforms) = postSolution
		{FB3E8850-40AF-443E-82C1-183C1C76D460}.Debug|Any CPU.ActiveCfg = Debug|Any CPU
		{FB3E8850-40AF-443E-82C1-183C1C76D460}.Debug|Any CPU.Build.0 = Debug|Any CPU
		{FB3E8850-40AF-443E-82C1-183C1C76D460}.Debug|x64.ActiveCfg = Debug|x64
		{FB3E8850-40AF-443E-82C1-183C1C76D460}.Debug|x64.Build.0 = Debug|x64
		{FB3E8850-40AF-443E-82C1-183C1C76D460}.Debug|x86.ActiveCfg = Debug|Any CPU
		{FB3E8850-40AF-443E-82C1-183C1C76D460}.Debug|x86.Build.0 = Debug|Any CPU
		{FB3E8850-40AF-443E-82C1-183C1C76D460}.Release|Any CPU.ActiveCfg = Release|Any CPU
		{FB3E8850-40AF-443E-82C1-183C1C76D460}.Release|Any CPU.Build.0 = Release|Any CPU
		{FB3E8850-40AF-443E-82C1-183C1C76D460}.Release|x64.ActiveCfg = Release|x64
		{FB3E8850-40AF-443E-82C1-183C1C76D460}.Release|x64.Build.0 = Release|x64
		{FB3E8850-40AF-443E-82C1-183C1C76D460}.Release|x86.ActiveCfg = Release|Any CPU
		{FB3E8850-40AF-443E-82C1-183C1C76D460}.Release|x86.Build.0 = Release|Any CPU
		{1ECFBECA-FA58-414F-8F13-6F94747ED086}.Debug|Any CPU.ActiveCfg = Debug|Any CPU
		{1ECFBECA-FA58-414F-8F13-6F94747ED086}.Debug|Any CPU.Build.0 = Debug|Any CPU
		{1ECFBECA-FA58-414F-8F13-6F94747ED086}.Debug|x64.ActiveCfg = Debug|Any CPU
		{1ECFBECA-FA58-414F-8F13-6F94747ED086}.Debug|x64.Build.0 = Debug|Any CPU
		{1ECFBECA-FA58-414F-8F13-6F94747ED086}.Debug|x86.ActiveCfg = Debug|Any CPU
		{1ECFBECA-FA58-414F-8F13-6F94747ED086}.Debug|x86.Build.0 = Debug|Any CPU
		{1ECFBECA-FA58-414F-8F13-6F94747ED086}.Release|Any CPU.ActiveCfg = Release|Any CPU
		{1ECFBECA-FA58-414F-8F13-6F94747ED086}.Release|Any CPU.Build.0 = Release|Any CPU
		{1ECFBECA-FA58-414F-8F13-6F94747ED086}.Release|x64.ActiveCfg = Release|Any CPU
		{1ECFBECA-FA58-414F-8F13-6F94747ED086}.Release|x64.Build.0 = Release|Any CPU
		{1ECFBECA-FA58-414F-8F13-6F94747ED086}.Release|x86.ActiveCfg = Release|Any CPU
		{1ECFBECA-FA58-414F-8F13-6F94747ED086}.Release|x86.Build.0 = Release|Any CPU
		{9327FD99-9F1A-4059-86E4-7EA68B6315CA}.Debug|Any CPU.ActiveCfg = Debug|x86
		{9327FD99-9F1A-4059-86E4-7EA68B6315CA}.Debug|x64.ActiveCfg = Debug|x86
		{9327FD99-9F1A-4059-86E4-7EA68B6315CA}.Debug|x86.ActiveCfg = Debug|x86
		{9327FD99-9F1A-4059-86E4-7EA68B6315CA}.Debug|x86.Build.0 = Debug|x86
		{9327FD99-9F1A-4059-86E4-7EA68B6315CA}.Release|Any CPU.ActiveCfg = Release|x86
		{9327FD99-9F1A-4059-86E4-7EA68B6315CA}.Release|x64.ActiveCfg = Release|x86
		{9327FD99-9F1A-4059-86E4-7EA68B6315CA}.Release|x86.ActiveCfg = Release|x86
		{9327FD99-9F1A-4059-86E4-7EA68B6315CA}.Release|x86.Build.0 = Release|x86
		{CED8F031-F058-451E-8B4A-A773D806FC79}.Debug|Any CPU.ActiveCfg = Debug|Any CPU
		{CED8F031-F058-451E-8B4A-A773D806FC79}.Debug|Any CPU.Build.0 = Debug|Any CPU
		{CED8F031-F058-451E-8B4A-A773D806FC79}.Debug|x64.ActiveCfg = Debug|Any CPU
		{CED8F031-F058-451E-8B4A-A773D806FC79}.Debug|x64.Build.0 = Debug|Any CPU
		{CED8F031-F058-451E-8B4A-A773D806FC79}.Debug|x86.ActiveCfg = Debug|Any CPU
		{CED8F031-F058-451E-8B4A-A773D806FC79}.Debug|x86.Build.0 = Debug|Any CPU
		{CED8F031-F058-451E-8B4A-A773D806FC79}.Release|Any CPU.ActiveCfg = Release|Any CPU
		{CED8F031-F058-451E-8B4A-A773D806FC79}.Release|Any CPU.Build.0 = Release|Any CPU
		{CED8F031-F058-451E-8B4A-A773D806FC79}.Release|x64.ActiveCfg = Release|Any CPU
		{CED8F031-F058-451E-8B4A-A773D806FC79}.Release|x64.Build.0 = Release|Any CPU
		{CED8F031-F058-451E-8B4A-A773D806FC79}.Release|x86.ActiveCfg = Release|Any CPU
		{CED8F031-F058-451E-8B4A-A773D806FC79}.Release|x86.Build.0 = Release|Any CPU
		{4CBB924C-6346-4C08-B1C8-AB5EA2900348}.Debug|Any CPU.ActiveCfg = Debug|Any CPU
		{4CBB924C-6346-4C08-B1C8-AB5EA2900348}.Debug|Any CPU.Build.0 = Debug|Any CPU
		{4CBB924C-6346-4C08-B1C8-AB5EA2900348}.Debug|x64.ActiveCfg = Debug|Any CPU
		{4CBB924C-6346-4C08-B1C8-AB5EA2900348}.Debug|x64.Build.0 = Debug|Any CPU
		{4CBB924C-6346-4C08-B1C8-AB5EA2900348}.Debug|x86.ActiveCfg = Debug|Any CPU
		{4CBB924C-6346-4C08-B1C8-AB5EA2900348}.Debug|x86.Build.0 = Debug|Any CPU
		{4CBB924C-6346-4C08-B1C8-AB5EA2900348}.Release|Any CPU.ActiveCfg = Release|Any CPU
		{4CBB924C-6346-4C08-B1C8-AB5EA2900348}.Release|Any CPU.Build.0 = Release|Any CPU
		{4CBB924C-6346-4C08-B1C8-AB5EA2900348}.Release|x64.ActiveCfg = Release|Any CPU
		{4CBB924C-6346-4C08-B1C8-AB5EA2900348}.Release|x64.Build.0 = Release|Any CPU
		{4CBB924C-6346-4C08-B1C8-AB5EA2900348}.Release|x86.ActiveCfg = Release|Any CPU
		{4CBB924C-6346-4C08-B1C8-AB5EA2900348}.Release|x86.Build.0 = Release|Any CPU
		{5FF97A82-A86D-4C72-AC2A-65F91AE370D0}.Debug|Any CPU.ActiveCfg = Debug|Any CPU
		{5FF97A82-A86D-4C72-AC2A-65F91AE370D0}.Debug|Any CPU.Build.0 = Debug|Any CPU
		{5FF97A82-A86D-4C72-AC2A-65F91AE370D0}.Debug|x64.ActiveCfg = Debug|Any CPU
		{5FF97A82-A86D-4C72-AC2A-65F91AE370D0}.Debug|x64.Build.0 = Debug|Any CPU
		{5FF97A82-A86D-4C72-AC2A-65F91AE370D0}.Debug|x86.ActiveCfg = Debug|Any CPU
		{5FF97A82-A86D-4C72-AC2A-65F91AE370D0}.Debug|x86.Build.0 = Debug|Any CPU
		{5FF97A82-A86D-4C72-AC2A-65F91AE370D0}.Release|Any CPU.ActiveCfg = Release|Any CPU
		{5FF97A82-A86D-4C72-AC2A-65F91AE370D0}.Release|Any CPU.Build.0 = Release|Any CPU
		{5FF97A82-A86D-4C72-AC2A-65F91AE370D0}.Release|x64.ActiveCfg = Release|Any CPU
		{5FF97A82-A86D-4C72-AC2A-65F91AE370D0}.Release|x64.Build.0 = Release|Any CPU
		{5FF97A82-A86D-4C72-AC2A-65F91AE370D0}.Release|x86.ActiveCfg = Release|Any CPU
		{5FF97A82-A86D-4C72-AC2A-65F91AE370D0}.Release|x86.Build.0 = Release|Any CPU
		{87B98171-87C4-4BF4-AEB9-EB4B7927A66E}.Debug|Any CPU.ActiveCfg = Debug|Any CPU
		{87B98171-87C4-4BF4-AEB9-EB4B7927A66E}.Debug|Any CPU.Build.0 = Debug|Any CPU
		{87B98171-87C4-4BF4-AEB9-EB4B7927A66E}.Debug|x64.ActiveCfg = Debug|Any CPU
		{87B98171-87C4-4BF4-AEB9-EB4B7927A66E}.Debug|x64.Build.0 = Debug|Any CPU
		{87B98171-87C4-4BF4-AEB9-EB4B7927A66E}.Debug|x86.ActiveCfg = Debug|Any CPU
		{87B98171-87C4-4BF4-AEB9-EB4B7927A66E}.Debug|x86.Build.0 = Debug|Any CPU
		{87B98171-87C4-4BF4-AEB9-EB4B7927A66E}.Release|Any CPU.ActiveCfg = Release|Any CPU
		{87B98171-87C4-4BF4-AEB9-EB4B7927A66E}.Release|Any CPU.Build.0 = Release|Any CPU
		{87B98171-87C4-4BF4-AEB9-EB4B7927A66E}.Release|x64.ActiveCfg = Release|Any CPU
		{87B98171-87C4-4BF4-AEB9-EB4B7927A66E}.Release|x64.Build.0 = Release|Any CPU
		{87B98171-87C4-4BF4-AEB9-EB4B7927A66E}.Release|x86.ActiveCfg = Release|Any CPU
		{87B98171-87C4-4BF4-AEB9-EB4B7927A66E}.Release|x86.Build.0 = Release|Any CPU
		{31E31856-1ACA-4034-9204-36789E6DDF2D}.Debug|Any CPU.ActiveCfg = Debug|Any CPU
		{31E31856-1ACA-4034-9204-36789E6DDF2D}.Debug|Any CPU.Build.0 = Debug|Any CPU
		{31E31856-1ACA-4034-9204-36789E6DDF2D}.Debug|x64.ActiveCfg = Debug|Any CPU
		{31E31856-1ACA-4034-9204-36789E6DDF2D}.Debug|x64.Build.0 = Debug|Any CPU
		{31E31856-1ACA-4034-9204-36789E6DDF2D}.Debug|x86.ActiveCfg = Debug|Any CPU
		{31E31856-1ACA-4034-9204-36789E6DDF2D}.Debug|x86.Build.0 = Debug|Any CPU
		{31E31856-1ACA-4034-9204-36789E6DDF2D}.Release|Any CPU.ActiveCfg = Release|Any CPU
		{31E31856-1ACA-4034-9204-36789E6DDF2D}.Release|Any CPU.Build.0 = Release|Any CPU
		{31E31856-1ACA-4034-9204-36789E6DDF2D}.Release|x64.ActiveCfg = Release|Any CPU
		{31E31856-1ACA-4034-9204-36789E6DDF2D}.Release|x64.Build.0 = Release|Any CPU
		{31E31856-1ACA-4034-9204-36789E6DDF2D}.Release|x86.ActiveCfg = Release|Any CPU
		{31E31856-1ACA-4034-9204-36789E6DDF2D}.Release|x86.Build.0 = Release|Any CPU
		{77769120-AD6B-47C8-AB4D-11CBFF71952E}.Debug|Any CPU.ActiveCfg = Debug|Any CPU
		{77769120-AD6B-47C8-AB4D-11CBFF71952E}.Debug|Any CPU.Build.0 = Debug|Any CPU
		{77769120-AD6B-47C8-AB4D-11CBFF71952E}.Debug|x64.ActiveCfg = Debug|Any CPU
		{77769120-AD6B-47C8-AB4D-11CBFF71952E}.Debug|x64.Build.0 = Debug|Any CPU
		{77769120-AD6B-47C8-AB4D-11CBFF71952E}.Debug|x86.ActiveCfg = Debug|Any CPU
		{77769120-AD6B-47C8-AB4D-11CBFF71952E}.Debug|x86.Build.0 = Debug|Any CPU
		{77769120-AD6B-47C8-AB4D-11CBFF71952E}.Release|Any CPU.ActiveCfg = Release|Any CPU
		{77769120-AD6B-47C8-AB4D-11CBFF71952E}.Release|Any CPU.Build.0 = Release|Any CPU
		{77769120-AD6B-47C8-AB4D-11CBFF71952E}.Release|x64.ActiveCfg = Release|Any CPU
		{77769120-AD6B-47C8-AB4D-11CBFF71952E}.Release|x64.Build.0 = Release|Any CPU
		{77769120-AD6B-47C8-AB4D-11CBFF71952E}.Release|x86.ActiveCfg = Release|Any CPU
		{77769120-AD6B-47C8-AB4D-11CBFF71952E}.Release|x86.Build.0 = Release|Any CPU
		{FF2BE15F-8E2A-4247-B25D-0FFE2FEFFF20}.Debug|Any CPU.ActiveCfg = Debug|Any CPU
		{FF2BE15F-8E2A-4247-B25D-0FFE2FEFFF20}.Debug|Any CPU.Build.0 = Debug|Any CPU
		{FF2BE15F-8E2A-4247-B25D-0FFE2FEFFF20}.Debug|x64.ActiveCfg = Debug|Any CPU
		{FF2BE15F-8E2A-4247-B25D-0FFE2FEFFF20}.Debug|x64.Build.0 = Debug|Any CPU
		{FF2BE15F-8E2A-4247-B25D-0FFE2FEFFF20}.Debug|x86.ActiveCfg = Debug|Any CPU
		{FF2BE15F-8E2A-4247-B25D-0FFE2FEFFF20}.Debug|x86.Build.0 = Debug|Any CPU
		{FF2BE15F-8E2A-4247-B25D-0FFE2FEFFF20}.Release|Any CPU.ActiveCfg = Release|Any CPU
		{FF2BE15F-8E2A-4247-B25D-0FFE2FEFFF20}.Release|Any CPU.Build.0 = Release|Any CPU
		{FF2BE15F-8E2A-4247-B25D-0FFE2FEFFF20}.Release|x64.ActiveCfg = Release|Any CPU
		{FF2BE15F-8E2A-4247-B25D-0FFE2FEFFF20}.Release|x64.Build.0 = Release|Any CPU
		{FF2BE15F-8E2A-4247-B25D-0FFE2FEFFF20}.Release|x86.ActiveCfg = Release|Any CPU
		{FF2BE15F-8E2A-4247-B25D-0FFE2FEFFF20}.Release|x86.Build.0 = Release|Any CPU
	EndGlobalSection
	GlobalSection(SolutionProperties) = preSolution
		HideSolutionNode = FALSE
	EndGlobalSection
	GlobalSection(ExtensibilityGlobals) = postSolution
		SolutionGuid = {A010034A-605F-4BB4-BDE7-30E9C13E3CCB}
	EndGlobalSection
EndGlobal
